
Microsoft Visual Studio Solution File, Format Version 12.00
# Visual Studio 14
VisualStudioVersion = 14.0.25123.0
MinimumVisualStudioVersion = 10.0.40219.1
Project("{FAE04EC0-301F-11D3-BF4B-00C04F79EFBC}") = "MVC lab4", "MVC lab4\MVC lab4.csproj", "{C3219D44-B419-4205-9EA6-72E5B3DFEDDC}"
EndProject
Project("{FAE04EC0-301F-11D3-BF4B-00C04F79EFBC}") = "MVC lab4.Tests", "MVC lab4.Tests\MVC lab4.Tests.csproj", "{AADB9680-FDF8-4E15-856B-E1823B0D7DCB}"
EndProject
Global
	GlobalSection(SolutionConfigurationPlatforms) = preSolution
		Debug|Any CPU = Debug|Any CPU
		Release|Any CPU = Release|Any CPU
	EndGlobalSection
	GlobalSection(ProjectConfigurationPlatforms) = postSolution
		{C3219D44-B419-4205-9EA6-72E5B3DFEDDC}.Debug|Any CPU.ActiveCfg = Debug|Any CPU
		{C3219D44-B419-4205-9EA6-72E5B3DFEDDC}.Debug|Any CPU.Build.0 = Debug|Any CPU
		{C3219D44-B419-4205-9EA6-72E5B3DFEDDC}.Release|Any CPU.ActiveCfg = Release|Any CPU
		{C3219D44-B419-4205-9EA6-72E5B3DFEDDC}.Release|Any CPU.Build.0 = Release|Any CPU
		{AADB9680-FDF8-4E15-856B-E1823B0D7DCB}.Debug|Any CPU.ActiveCfg = Debug|Any CPU
		{AADB9680-FDF8-4E15-856B-E1823B0D7DCB}.Debug|Any CPU.Build.0 = Debug|Any CPU
		{AADB9680-FDF8-4E15-856B-E1823B0D7DCB}.Release|Any CPU.ActiveCfg = Release|Any CPU
		{AADB9680-FDF8-4E15-856B-E1823B0D7DCB}.Release|Any CPU.Build.0 = Release|Any CPU
	EndGlobalSection
	GlobalSection(SolutionProperties) = preSolution
		HideSolutionNode = FALSE
	EndGlobalSection
EndGlobal
